<?xml version="1.0" encoding="utf-8"?>
<Project ToolsVersion="4.0" xmlns="http://schemas.microsoft.com/developer/msbuild/2003">
  <ItemGroup>
    <Filter Include="Source Files">
      <UniqueIdentifier>{4FC737F1-C7A5-4376-A066-2A32D752A2FF}</UniqueIdentifier>
      <Extensions>cpp;c;cc;cxx;def;odl;idl;hpj;bat;asm;asmx</Extensions>
    </Filter>
    <Filter Include="Header Files">
      <UniqueIdentifier>{93995380-89BD-4b04-88EB-625FBE52EBFB}</UniqueIdentifier>
      <Extensions>h;hpp;hxx;hm;inl;inc;xsd</Extensions>
    </Filter>
    <Filter Include="Resource Files">
      <UniqueIdentifier>{67DA6AB6-F800-4c08-8B7A-83BB121AAD01}</UniqueIdentifier>
      <Extensions>rc;ico;cur;bmp;dlg;rc2;rct;bin;rgs;gif;jpg;jpeg;jpe;resx;tiff;tif;png;wav;mfcribbon-ms</Extensions>
    </Filter>
  </ItemGroup>
  <ItemGroup>
    <ClInclude Include="fca_algorithms.h">
      <Filter>Header Files</Filter>
    </ClInclude>
    <ClInclude Include="fca_bitset.h">
      <Filter>Header Files</Filter>
    </ClInclude>
    <ClInclude Include="fca_closure.h">
      <Filter>Header Files</Filter>
    </ClInclude>
    <ClInclude Include="fca_closure_operators.h">
      <Filter>Header Files</Filter>
    </ClInclude>
    <ClInclude Include="fca_concept.h">
      <Filter>Header Files</Filter>
    </ClInclude>
    <ClInclude Include="fca_config.h">
      <Filter>Header Files</Filter>
    </ClInclude>
    <ClInclude Include="fca_context.h">
      <Filter>Header Files</Filter>
    </ClInclude>
    <ClInclude Include="fca_definitions.h">
      <Filter>Header Files</Filter>
    </ClInclude>
    <ClInclude Include="fca_datastructures.h">
      <Filter>Header Files</Filter>
    </ClInclude>
    <ClInclude Include="fca_ganter.h">
      <Filter>Header Files</Filter>
    </ClInclude>
    <ClInclude Include="fca_ganter_optimized.h">
      <Filter>Header Files</Filter>
    </ClInclude>
    <ClInclude Include="fca_impec.h">
      <Filter>Header Files</Filter>
    </ClInclude>
    <ClInclude Include="fca_implications.h">
      <Filter>Header Files</Filter>
    </ClInclude>
    <ClInclude Include="fca_linclosure.h">
      <Filter>Header Files</Filter>
    </ClInclude>
    <ClInclude Include="fca_linclosure_improved.h">
      <Filter>Header Files</Filter>
    </ClInclude>
    <ClInclude Include="fca_mingen.h">
      <Filter>Header Files</Filter>
    </ClInclude>
    <ClInclude Include="fca_minimization.h">
      <Filter>Header Files</Filter>
    </ClInclude>
    <ClInclude Include="fca_object_incremental.h">
      <Filter>Header Files</Filter>
    </ClInclude>
    <ClInclude Include="fca_utility.h">
      <Filter>Header Files</Filter>
    </ClInclude>
    <ClInclude Include="test_functions.h">
      <Filter>Header Files</Filter>
    </ClInclude>
    <ClInclude Include="test_time.h">
      <Filter>Header Files</Filter>
    </ClInclude>
    <ClInclude Include="test_timer.h">
      <Filter>Header Files</Filter>
    </ClInclude>
    <ClInclude Include="fca_proper_premises.h">
      <Filter>Header Files</Filter>
    </ClInclude>
    <ClInclude Include="fca_attribute_incremental.h">
      <Filter>Header Files</Filter>
    </ClInclude>
    <ClInclude Include="fca_context_interface.h">
      <Filter>Header Files</Filter>
    </ClInclude>
    <ClInclude Include="fca_context_string.h">
      <Filter>Header Files</Filter>
    </ClInclude>
  </ItemGroup>
  <ItemGroup>
    <ClCompile Include="fca_bitset.cpp">
      <Filter>Source Files</Filter>
    </ClCompile>
    <ClCompile Include="fca_closure.cpp">
      <Filter>Source Files</Filter>
    </ClCompile>
    <ClCompile Include="fca_context.cpp">
      <Filter>Source Files</Filter>
    </ClCompile>
    <ClCompile Include="fca_ganter.cpp">
      <Filter>Source Files</Filter>
    </ClCompile>
    <ClCompile Include="fca_ganter_optimized.cpp">
      <Filter>Source Files</Filter>
    </ClCompile>
    <ClCompile Include="fca_impec.cpp">
      <Filter>Source Files</Filter>
    </ClCompile>
    <ClCompile Include="fca_implications.cpp">
      <Filter>Source Files</Filter>
    </ClCompile>
    <ClCompile Include="fca_linclosure.cpp">
      <Filter>Source Files</Filter>
    </ClCompile>
    <ClCompile Include="fca_linclosure_improved.cpp">
      <Filter>Source Files</Filter>
    </ClCompile>
    <ClCompile Include="fca_mingen.cpp">
      <Filter>Source Files</Filter>
    </ClCompile>
    <ClCompile Include="fca_minimization.cpp">
      <Filter>Source Files</Filter>
    </ClCompile>
    <ClCompile Include="fca_object_incremental.cpp">
      <Filter>Source Files</Filter>
    </ClCompile>
    <ClCompile Include="main.cpp">
      <Filter>Source Files</Filter>
    </ClCompile>
    <ClCompile Include="test_functions.cpp">
      <Filter>Source Files</Filter>
    </ClCompile>
    <ClCompile Include="test_time.cpp">
      <Filter>Source Files</Filter>
    </ClCompile>
    <ClCompile Include="test_timer.cpp">
      <Filter>Source Files</Filter>
    </ClCompile>
    <ClCompile Include="fca_proper_premises.cpp">
      <Filter>Source Files</Filter>
    </ClCompile>
    <ClCompile Include="fca_attribute_incremental.cpp">
      <Filter>Source Files</Filter>
    </ClCompile>
    <ClCompile Include="fca_context_string.cpp">
      <Filter>Source Files</Filter>
    </ClCompile>
  </ItemGroup>
</Project>